
Microsoft Visual Studio Solution File, Format Version 12.00
# Visual Studio Version 18
VisualStudioVersion = 18.7.11925.98
MinimumVisualStudioVersion = 10.0.40219.1
Project("{9A19103F-16F7-4668-BE54-9A1E7A4F7556}") = "Horizon", "Horizon\Horizon.csproj", "{87EE9F3E-0174-4B3B-AA14-C0E1A5B16957}"
EndProject
Project("{9A19103F-16F7-4668-BE54-9A1E7A4F7556}") = "Horizon.HIDL", "Horizon.HIDL\Horizon.HIDL.csproj", "{A2F0CF5C-8C42-47FE-9B32-5C8D71713F6A}"
EndProject
Project("{FAE04EC0-301F-11D3-BF4B-00C04F79EFBC}") = "Fighter2D", "..\Fighter2D\Fighter2D.csproj", "{620BC575-3F9C-4D3F-85BA-C42F0846621B}"
EndProject
Project("{2150E333-8FDC-42A3-9474-1A3956D46DE8}") = "Solution Items", "Solution Items", "{7DE48570-40E0-4636-B5F3-F171416C4294}"
	ProjectSection(SolutionItems) = preProject
		.editorconfig = .editorconfig
		global.json = global.json
	EndProjectSection
EndProject
Project("{FAE04EC0-301F-11D3-BF4B-00C04F79EFBC}") = "Horizon.Testing", "Horizon.Testing\Horizon.Testing.csproj", "{B75BF8D9-FDD3-40B5-8CE5-4E58CEFA31A4}"
EndProject
Project("{FAE04EC0-301F-11D3-BF4B-00C04F79EFBC}") = "Horizon.HIDL.Editor", "Horizon.HIDL.Editor\Horizon.HIDL.Editor.csproj", "{2D0C0924-CA70-4E29-8775-8912DA48F3B8}"
EndProject
Project("{FAE04EC0-301F-11D3-BF4B-00C04F79EFBC}") = "Horizon.Hex", "Horizon.Hex\Horizon.Hex.csproj", "{7C0008B5-EE5A-4AEA-A397-F8F9C6745537}"
EndProject
Project("{2150E333-8FDC-42A3-9474-1A3956D46DE8}") = "Scripting", "Scripting", "{4B6BABC6-9225-0706-D6AB-2BAF913F0573}"
EndProject
Project("{2150E333-8FDC-42A3-9474-1A3956D46DE8}") = "Tools", "Tools", "{5E2F1C4A-7B3D-4E8F-9A1B-2C3D4E5F6A7B}"
EndProject
Project("{FAE04EC0-301F-11D3-BF4B-00C04F79EFBC}") = "Horizon.Tests", "Horizon.Tests\Horizon.Tests.csproj", "{27418DC6-7FC2-4BA5-919E-E9D500A2C1BC}"
EndProject
Global
	GlobalSection(SolutionConfigurationPlatforms) = preSolution
		Debug|Any CPU = Debug|Any CPU
		Debug|x64 = Debug|x64
		Release|Any CPU = Release|Any CPU
		Release|x64 = Release|x64
	EndGlobalSection
	GlobalSection(ProjectConfigurationPlatforms) = postSolution
		{87EE9F3E-0174-4B3B-AA14-C0E1A5B16957}.Debug|Any CPU.ActiveCfg = Debug|Any CPU
		{87EE9F3E-0174-4B3B-AA14-C0E1A5B16957}.Debug|Any CPU.Build.0 = Debug|Any CPU
		{87EE9F3E-0174-4B3B-AA14-C0E1A5B16957}.Debug|x64.ActiveCfg = Debug|x64
		{87EE9F3E-0174-4B3B-AA14-C0E1A5B16957}.Debug|x64.Build.0 = Debug|x64
		{87EE9F3E-0174-4B3B-AA14-C0E1A5B16957}.Release|Any CPU.ActiveCfg = Release|Any CPU
		{87EE9F3E-0174-4B3B-AA14-C0E1A5B16957}.Release|Any CPU.Build.0 = Release|Any CPU
		{87EE9F3E-0174-4B3B-AA14-C0E1A5B16957}.Release|x64.ActiveCfg = Release|x64
		{87EE9F3E-0174-4B3B-AA14-C0E1A5B16957}.Release|x64.Build.0 = Release|x64
		{A2F0CF5C-8C42-47FE-9B32-5C8D71713F6A}.Debug|Any CPU.ActiveCfg = Debug|Any CPU
		{A2F0CF5C-8C42-47FE-9B32-5C8D71713F6A}.Debug|Any CPU.Build.0 = Debug|Any CPU
		{A2F0CF5C-8C42-47FE-9B32-5C8D71713F6A}.Debug|x64.ActiveCfg = Debug|x64
		{A2F0CF5C-8C42-47FE-9B32-5C8D71713F6A}.Debug|x64.Build.0 = Debug|x64
		{A2F0CF5C-8C42-47FE-9B32-5C8D71713F6A}.Release|Any CPU.ActiveCfg = Release|Any CPU
		{A2F0CF5C-8C42-47FE-9B32-5C8D71713F6A}.Release|Any CPU.Build.0 = Release|Any CPU
		{A2F0CF5C-8C42-47FE-9B32-5C8D71713F6A}.Release|x64.ActiveCfg = Release|x64
		{A2F0CF5C-8C42-47FE-9B32-5C8D71713F6A}.Release|x64.Build.0 = Release|x64
		{620BC575-3F9C-4D3F-85BA-C42F0846621B}.Debug|Any CPU.ActiveCfg = Debug|Any CPU
		{620BC575-3F9C-4D3F-85BA-C42F0846621B}.Debug|Any CPU.Build.0 = Debug|Any CPU
		{620BC575-3F9C-4D3F-85BA-C42F0846621B}.Debug|x64.ActiveCfg = Debug|x64
		{620BC575-3F9C-4D3F-85BA-C42F0846621B}.Debug|x64.Build.0 = Debug|x64
		{620BC575-3F9C-4D3F-85BA-C42F0846621B}.Release|Any CPU.ActiveCfg = Release|Any CPU
		{620BC575-3F9C-4D3F-85BA-C42F0846621B}.Release|Any CPU.Build.0 = Release|Any CPU
		{620BC575-3F9C-4D3F-85BA-C42F0846621B}.Release|x64.ActiveCfg = Release|x64
		{620BC575-3F9C-4D3F-85BA-C42F0846621B}.Release|x64.Build.0 = Release|x64
		{B75BF8D9-FDD3-40B5-8CE5-4E58CEFA31A4}.Debug|Any CPU.ActiveCfg = Debug|Any CPU
		{B75BF8D9-FDD3-40B5-8CE5-4E58CEFA31A4}.Debug|Any CPU.Build.0 = Debug|Any CPU
		{B75BF8D9-FDD3-40B5-8CE5-4E58CEFA31A4}.Debug|x64.ActiveCfg = Debug|Any CPU
		{B75BF8D9-FDD3-40B5-8CE5-4E58CEFA31A4}.Debug|x64.Build.0 = Debug|Any CPU
		{B75BF8D9-FDD3-40B5-8CE5-4E58CEFA31A4}.Release|Any CPU.ActiveCfg = Release|Any CPU
		{B75BF8D9-FDD3-40B5-8CE5-4E58CEFA31A4}.Release|Any CPU.Build.0 = Release|Any CPU
		{B75BF8D9-FDD3-40B5-8CE5-4E58CEFA31A4}.Release|x64.ActiveCfg = Release|Any CPU
		{B75BF8D9-FDD3-40B5-8CE5-4E58CEFA31A4}.Release|x64.Build.0 = Release|Any CPU
		{2D0C0924-CA70-4E29-8775-8912DA48F3B8}.Debug|Any CPU.ActiveCfg = Debug|Any CPU
		{2D0C0924-CA70-4E29-8775-8912DA48F3B8}.Debug|Any CPU.Build.0 = Debug|Any CPU
		{2D0C0924-CA70-4E29-8775-8912DA48F3B8}.Debug|x64.ActiveCfg = Debug|Any CPU
		{2D0C0924-CA70-4E29-8775-8912DA48F3B8}.Debug|x64.Build.0 = Debug|Any CPU
		{2D0C0924-CA70-4E29-8775-8912DA48F3B8}.Release|Any CPU.ActiveCfg = Release|Any CPU
		{2D0C0924-CA70-4E29-8775-8912DA48F3B8}.Release|Any CPU.Build.0 = Release|Any CPU
		{2D0C0924-CA70-4E29-8775-8912DA48F3B8}.Release|x64.ActiveCfg = Release|Any CPU
		{2D0C0924-CA70-4E29-8775-8912DA48F3B8}.Release|x64.Build.0 = Release|Any CPU
		{7C0008B5-EE5A-4AEA-A397-F8F9C6745537}.Debug|Any CPU.ActiveCfg = Debug|Any CPU
		{7C0008B5-EE5A-4AEA-A397-F8F9C6745537}.Debug|Any CPU.Build.0 = Debug|Any CPU
		{7C0008B5-EE5A-4AEA-A397-F8F9C6745537}.Debug|x64.ActiveCfg = Debug|Any CPU
		{7C0008B5-EE5A-4AEA-A397-F8F9C6745537}.Debug|x64.Build.0 = Debug|Any CPU
		{7C0008B5-EE5A-4AEA-A397-F8F9C6745537}.Release|Any CPU.ActiveCfg = Release|Any CPU
		{7C0008B5-EE5A-4AEA-A397-F8F9C6745537}.Release|Any CPU.Build.0 = Release|Any CPU
		{7C0008B5-EE5A-4AEA-A397-F8F9C6745537}.Release|x64.ActiveCfg = Release|Any CPU
		{7C0008B5-EE5A-4AEA-A397-F8F9C6745537}.Release|x64.Build.0 = Release|Any CPU
		{27418DC6-7FC2-4BA5-919E-E9D500A2C1BC}.Debug|Any CPU.ActiveCfg = Debug|Any CPU
		{27418DC6-7FC2-4BA5-919E-E9D500A2C1BC}.Debug|Any CPU.Build.0 = Debug|Any CPU
		{27418DC6-7FC2-4BA5-919E-E9D500A2C1BC}.Debug|x64.ActiveCfg = Debug|Any CPU
		{27418DC6-7FC2-4BA5-919E-E9D500A2C1BC}.Debug|x64.Build.0 = Debug|Any CPU
		{27418DC6-7FC2-4BA5-919E-E9D500A2C1BC}.Release|Any CPU.ActiveCfg = Release|Any CPU
		{27418DC6-7FC2-4BA5-919E-E9D500A2C1BC}.Release|Any CPU.Build.0 = Release|Any CPU
		{27418DC6-7FC2-4BA5-919E-E9D500A2C1BC}.Release|x64.ActiveCfg = Release|Any CPU
		{27418DC6-7FC2-4BA5-919E-E9D500A2C1BC}.Release|x64.Build.0 = Release|Any CPU
	EndGlobalSection
	GlobalSection(SolutionProperties) = preSolution
		HideSolutionNode = FALSE
	EndGlobalSection
	GlobalSection(NestedProjects) = preSolution
		{A2F0CF5C-8C42-47FE-9B32-5C8D71713F6A} = {4B6BABC6-9225-0706-D6AB-2BAF913F0573}
		{2D0C0924-CA70-4E29-8775-8912DA48F3B8} = {4B6BABC6-9225-0706-D6AB-2BAF913F0573}
		{7C0008B5-EE5A-4AEA-A397-F8F9C6745537} = {5E2F1C4A-7B3D-4E8F-9A1B-2C3D4E5F6A7B}
		{B75BF8D9-FDD3-40B5-8CE5-4E58CEFA31A4} = {5E2F1C4A-7B3D-4E8F-9A1B-2C3D4E5F6A7B}
		{27418DC6-7FC2-4BA5-919E-E9D500A2C1BC} = {5E2F1C4A-7B3D-4E8F-9A1B-2C3D4E5F6A7B}
	EndGlobalSection
	GlobalSection(ExtensibilityGlobals) = postSolution
		SolutionGuid = {4AD90C3C-A924-4E45-8C3F-39ADE574DAB0}
	EndGlobalSection
EndGlobal
